<?xml version="1.0" encoding="utf-8"?>
<Project ToolsVersion="4.0" xmlns="http://schemas.microsoft.com/developer/msbuild/2003">
  <ItemGroup>
    <ClCompile Include="code\Engine\MistEngine.cpp" />
    <ClCompile Include="code\Terminal\Terminal.cpp" />
    <ClCompile Include="code\Terminal\Window.cpp" />
    <ClCompile Include="code\Graphics\Graphics.cpp" />
    <ClCompile Include="code\Graphics\DeviceResources.cpp" />
  </ItemGroup>
  <ItemGroup>
    <ClInclude Include="code\Libraries\Containers.h" />
    <ClInclude Include="code\Libraries\Math.h" />
    <ClInclude Include="code\Libraries\Memory.h" />
    <ClInclude Include="code\Terminal\Terminal.h" />
    <ClInclude Include="code\Engine\Singleton.h" />
    <ClInclude Include="code\Terminal\Window.h" />
    <ClInclude Include="code\EventSystem\EventSystem.h" />
    <ClInclude Include="code\RTTI\RTTI.h" />
    <ClInclude Include="code\Engine\MistEngineDefs.h" />
    <ClInclude Include="code\Graphics\Graphics.h" />
    <ClInclude Include="code\Graphics\DeviceResources.h" />
  </ItemGroup>
  <ItemGroup>
    <FxCompile Include="..\..\data\CubeVertexShader.hlsl" />
    <FxCompile Include="..\..\data\CubePixelShader.hlsl" />
  </ItemGroup>
</Project>